
Microsoft Visual Studio Solution File, Format Version 12.00
# Visual Studio Version 17
VisualStudioVersion = 17.9.34728.123
MinimumVisualStudioVersion = 10.0.40219.1
Project("{9A19103F-16F7-4668-BE54-9A1E7A4F7556}") = "Nop.Core", "Libraries\Nop.Core\Nop.Core.csproj", "{8D1E93D1-35F3-4BA7-94DF-29629C6191BE}"
EndProject
Project("{9A19103F-16F7-4668-BE54-9A1E7A4F7556}") = "Nop.Data", "Libraries\Nop.Data\Nop.Data.csproj", "{9B199FDC-ECD4-4813-BAEF-4495EE46F5CC}"
EndProject
Project("{9A19103F-16F7-4668-BE54-9A1E7A4F7556}") = "Nop.Services", "Libraries\Nop.Services\Nop.Services.csproj", "{264155E7-EF2A-42AD-ADA6-94162E8E3355}"
EndProject
Project("{2150E333-8FDC-42A3-9474-1A3956D46DE8}") = "Libraries", "Libraries", "{E005D5FE-7BE7-486E-B835-C46FEACB70E1}"
EndProject
Project("{2150E333-8FDC-42A3-9474-1A3956D46DE8}") = "Plugins", "Plugins", "{FC05E111-25C7-4EF6-932D-E6BED15C0364}"
EndProject
Project("{9A19103F-16F7-4668-BE54-9A1E7A4F7556}") = "NopPlus.Plugin.InfiniteScroll", "Plugins\InfiniteScroll-main\NopPlus.Plugin.InfiniteScroll.csproj", "{CF43282F-C117-4960-AF47-9D7D04E49FF5}"
EndProject
Project("{9A19103F-16F7-4668-BE54-9A1E7A4F7556}") = "Nop.Plugin.DiscountRules.CustomerRoles", "Plugins\Nop.Plugin.DiscountRules.CustomerRoles\Nop.Plugin.DiscountRules.CustomerRoles.csproj", "{3ED23327-6DD3-4EEE-8177-2A98C54642A4}"
EndProject
Project("{9A19103F-16F7-4668-BE54-9A1E7A4F7556}") = "Nop.Plugin.ExchangeRate.EcbExchange", "Plugins\Nop.Plugin.ExchangeRate.EcbExchange\Nop.Plugin.ExchangeRate.EcbExchange.csproj", "{632946C0-C8E4-44AA-8F8D-16D5DBE197CB}"
EndProject
Project("{9A19103F-16F7-4668-BE54-9A1E7A4F7556}") = "Nop.Plugin.ExternalAuth.Facebook", "Plugins\Nop.Plugin.ExternalAuth.Facebook\Nop.Plugin.ExternalAuth.Facebook.csproj", "{0DEC1B94-AF59-496B-A19B-D8A589F3AC9C}"
EndProject
Project("{9A19103F-16F7-4668-BE54-9A1E7A4F7556}") = "Nop.Plugin.Misc.Sendinblue", "Plugins\Nop.Plugin.Misc.Sendinblue\Nop.Plugin.Misc.Sendinblue.csproj", "{19C7E3E2-92CC-46B1-9DC4-BD93E20C13FD}"
EndProject
Project("{9A19103F-16F7-4668-BE54-9A1E7A4F7556}") = "Nop.Plugin.Misc.WebApi.Frontend", "Plugins\Nop.Plugin.Misc.WebApi.Frontend\Nop.Plugin.Misc.WebApi.Frontend.csproj", "{07D3228F-CEC9-4B5D-AA0A-EB085BAC7C5E}"
EndProject
Project("{9A19103F-16F7-4668-BE54-9A1E7A4F7556}") = "Nop.Plugin.Misc.Zettle", "Plugins\Nop.Plugin.Misc.Zettle\Nop.Plugin.Misc.Zettle.csproj", "{724BFADA-A2D3-4425-BF8A-44A5137E34C3}"
EndProject
Project("{9A19103F-16F7-4668-BE54-9A1E7A4F7556}") = "Nop.Plugin.MultiFactorAuth.GoogleAuthenticator", "Plugins\Nop.Plugin.MultiFactorAuth.GoogleAuthenticator\Nop.Plugin.MultiFactorAuth.GoogleAuthenticator.csproj", "{AD6518A2-9815-4E5B-BEB2-B1DC40EE3041}"
EndProject
Project("{9A19103F-16F7-4668-BE54-9A1E7A4F7556}") = "Nop.Plugin.Payments.CheckMoneyOrder", "Plugins\Nop.Plugin.Payments.CheckMoneyOrder\Nop.Plugin.Payments.CheckMoneyOrder.csproj", "{B61195A2-1392-4F58-BF7E-1081CC1BBAE1}"
EndProject
Project("{9A19103F-16F7-4668-BE54-9A1E7A4F7556}") = "Nop.Plugin.Payments.CyberSource", "Plugins\Nop.Plugin.Payments.CyberSource\Nop.Plugin.Payments.CyberSource.csproj", "{1AA8707C-D2EB-4AFE-94DA-19977D8EFC2F}"
EndProject
Project("{9A19103F-16F7-4668-BE54-9A1E7A4F7556}") = "Nop.Plugin.Payments.Manual", "Plugins\Nop.Plugin.Payments.Manual\Nop.Plugin.Payments.Manual.csproj", "{C8E541E9-2B20-4114-A642-AB6AC2B80F50}"
EndProject
Project("{9A19103F-16F7-4668-BE54-9A1E7A4F7556}") = "Nop.Plugin.Payments.PayPalCommerce", "Plugins\Nop.Plugin.Payments.PayPalCommerce\Nop.Plugin.Payments.PayPalCommerce.csproj", "{DAA4C4CB-0456-486A-9193-8E63A2C9B943}"
EndProject
Project("{9A19103F-16F7-4668-BE54-9A1E7A4F7556}") = "Nop.Plugin.Pickup.PickupInStore", "Plugins\Nop.Plugin.Pickup.PickupInStore\Nop.Plugin.Pickup.PickupInStore.csproj", "{A0C6C573-62D2-43B5-967C-C5FEDB78C270}"
EndProject
Project("{9A19103F-16F7-4668-BE54-9A1E7A4F7556}") = "Nop.Plugin.Shipping.FixedByWeightByTotal", "Plugins\Nop.Plugin.Shipping.FixedByWeightByTotal\Nop.Plugin.Shipping.FixedByWeightByTotal.csproj", "{C112BCEB-61AB-4DA4-B54E-7679C368FDE9}"
EndProject
Project("{9A19103F-16F7-4668-BE54-9A1E7A4F7556}") = "Nop.Plugin.Shipping.UPS", "Plugins\Nop.Plugin.Shipping.UPS\Nop.Plugin.Shipping.UPS.csproj", "{E1633206-3DA2-4EF7-97AE-1DDB5891B2A2}"
EndProject
Project("{9A19103F-16F7-4668-BE54-9A1E7A4F7556}") = "Nop.Plugin.Tax.Avalara", "Plugins\Nop.Plugin.Tax.Avalara\Nop.Plugin.Tax.Avalara.csproj", "{8A6032BB-4D3B-4544-9A23-09CC73CFDA83}"
EndProject
Project("{9A19103F-16F7-4668-BE54-9A1E7A4F7556}") = "Nop.Plugin.Tax.FixedOrByCountryStateZip", "Plugins\Nop.Plugin.Tax.FixedOrByCountryStateZip\Nop.Plugin.Tax.FixedOrByCountryStateZip.csproj", "{11F77DD9-0957-4CD4-B38B-118559A80DC0}"
EndProject
Project("{9A19103F-16F7-4668-BE54-9A1E7A4F7556}") = "Nop.Plugin.Widgets.FacebookPixel", "Plugins\Nop.Plugin.Widgets.FacebookPixel\Nop.Plugin.Widgets.FacebookPixel.csproj", "{DE8CCD05-D7F3-446F-9298-AD71F4F3F3A2}"
EndProject
Project("{9A19103F-16F7-4668-BE54-9A1E7A4F7556}") = "Nop.Plugin.Widgets.GoogleAnalytics", "Plugins\Nop.Plugin.Widgets.GoogleAnalytics\Nop.Plugin.Widgets.GoogleAnalytics.csproj", "{FB1AEEDB-8204-461D-8880-9B7E6D8F664E}"
EndProject
Project("{9A19103F-16F7-4668-BE54-9A1E7A4F7556}") = "Nop.Plugin.Widgets.NivoSlider", "Plugins\Nop.Plugin.Widgets.NivoSlider\Nop.Plugin.Widgets.NivoSlider.csproj", "{C68B6ED3-5959-4A4C-9DDE-A9509E92DA29}"
EndProject
Project("{9A19103F-16F7-4668-BE54-9A1E7A4F7556}") = "Nop.Plugin.Widgets.What3words", "Plugins\Nop.Plugin.Widgets.What3words\Nop.Plugin.Widgets.What3words.csproj", "{0A3B9849-6D44-43C1-AB88-D3DCF8394F72}"
EndProject
Project("{2150E333-8FDC-42A3-9474-1A3956D46DE8}") = "Presentation", "Presentation", "{7833A549-6F41-4317-BA98-B44E76A3673A}"
EndProject
Project("{9A19103F-16F7-4668-BE54-9A1E7A4F7556}") = "Nop.Web.Framework", "Presentation\Nop.Web.Framework\Nop.Web.Framework.csproj", "{A5D0F5E4-0FCC-4508-B412-BDABDFF3D9E3}"
EndProject
Project("{9A19103F-16F7-4668-BE54-9A1E7A4F7556}") = "Nop.Web", "Presentation\Nop.Web\Nop.Web.csproj", "{1670C5E9-5F43-4C19-B5C1-56BFEB80C805}"
EndProject
Global
	GlobalSection(SolutionConfigurationPlatforms) = preSolution
		Debug|Any CPU = Debug|Any CPU
		Release|Any CPU = Release|Any CPU
	EndGlobalSection
	GlobalSection(ProjectConfigurationPlatforms) = postSolution
		{8D1E93D1-35F3-4BA7-94DF-29629C6191BE}.Debug|Any CPU.ActiveCfg = Debug|Any CPU
		{8D1E93D1-35F3-4BA7-94DF-29629C6191BE}.Debug|Any CPU.Build.0 = Debug|Any CPU
		{8D1E93D1-35F3-4BA7-94DF-29629C6191BE}.Release|Any CPU.ActiveCfg = Release|Any CPU
		{8D1E93D1-35F3-4BA7-94DF-29629C6191BE}.Release|Any CPU.Build.0 = Release|Any CPU
		{9B199FDC-ECD4-4813-BAEF-4495EE46F5CC}.Debug|Any CPU.ActiveCfg = Debug|Any CPU
		{9B199FDC-ECD4-4813-BAEF-4495EE46F5CC}.Debug|Any CPU.Build.0 = Debug|Any CPU
		{9B199FDC-ECD4-4813-BAEF-4495EE46F5CC}.Release|Any CPU.ActiveCfg = Release|Any CPU
		{9B199FDC-ECD4-4813-BAEF-4495EE46F5CC}.Release|Any CPU.Build.0 = Release|Any CPU
		{264155E7-EF2A-42AD-ADA6-94162E8E3355}.Debug|Any CPU.ActiveCfg = Debug|Any CPU
		{264155E7-EF2A-42AD-ADA6-94162E8E3355}.Debug|Any CPU.Build.0 = Debug|Any CPU
		{264155E7-EF2A-42AD-ADA6-94162E8E3355}.Release|Any CPU.ActiveCfg = Release|Any CPU
		{264155E7-EF2A-42AD-ADA6-94162E8E3355}.Release|Any CPU.Build.0 = Release|Any CPU
		{CF43282F-C117-4960-AF47-9D7D04E49FF5}.Debug|Any CPU.ActiveCfg = Debug|Any CPU
		{CF43282F-C117-4960-AF47-9D7D04E49FF5}.Debug|Any CPU.Build.0 = Debug|Any CPU
		{CF43282F-C117-4960-AF47-9D7D04E49FF5}.Release|Any CPU.ActiveCfg = Release|Any CPU
		{CF43282F-C117-4960-AF47-9D7D04E49FF5}.Release|Any CPU.Build.0 = Release|Any CPU
		{3ED23327-6DD3-4EEE-8177-2A98C54642A4}.Debug|Any CPU.ActiveCfg = Debug|Any CPU
		{3ED23327-6DD3-4EEE-8177-2A98C54642A4}.Debug|Any CPU.Build.0 = Debug|Any CPU
		{3ED23327-6DD3-4EEE-8177-2A98C54642A4}.Release|Any CPU.ActiveCfg = Release|Any CPU
		{3ED23327-6DD3-4EEE-8177-2A98C54642A4}.Release|Any CPU.Build.0 = Release|Any CPU
		{632946C0-C8E4-44AA-8F8D-16D5DBE197CB}.Debug|Any CPU.ActiveCfg = Debug|Any CPU
		{632946C0-C8E4-44AA-8F8D-16D5DBE197CB}.Debug|Any CPU.Build.0 = Debug|Any CPU
		{632946C0-C8E4-44AA-8F8D-16D5DBE197CB}.Release|Any CPU.ActiveCfg = Release|Any CPU
		{632946C0-C8E4-44AA-8F8D-16D5DBE197CB}.Release|Any CPU.Build.0 = Release|Any CPU
		{0DEC1B94-AF59-496B-A19B-D8A589F3AC9C}.Debug|Any CPU.ActiveCfg = Debug|Any CPU
		{0DEC1B94-AF59-496B-A19B-D8A589F3AC9C}.Debug|Any CPU.Build.0 = Debug|Any CPU
		{0DEC1B94-AF59-496B-A19B-D8A589F3AC9C}.Release|Any CPU.ActiveCfg = Release|Any CPU
		{0DEC1B94-AF59-496B-A19B-D8A589F3AC9C}.Release|Any CPU.Build.0 = Release|Any CPU
		{19C7E3E2-92CC-46B1-9DC4-BD93E20C13FD}.Debug|Any CPU.ActiveCfg = Debug|Any CPU
		{19C7E3E2-92CC-46B1-9DC4-BD93E20C13FD}.Debug|Any CPU.Build.0 = Debug|Any CPU
		{19C7E3E2-92CC-46B1-9DC4-BD93E20C13FD}.Release|Any CPU.ActiveCfg = Release|Any CPU
		{19C7E3E2-92CC-46B1-9DC4-BD93E20C13FD}.Release|Any CPU.Build.0 = Release|Any CPU
		{07D3228F-CEC9-4B5D-AA0A-EB085BAC7C5E}.Debug|Any CPU.ActiveCfg = Debug|Any CPU
		{07D3228F-CEC9-4B5D-AA0A-EB085BAC7C5E}.Debug|Any CPU.Build.0 = Debug|Any CPU
		{07D3228F-CEC9-4B5D-AA0A-EB085BAC7C5E}.Release|Any CPU.ActiveCfg = Release|Any CPU
		{07D3228F-CEC9-4B5D-AA0A-EB085BAC7C5E}.Release|Any CPU.Build.0 = Release|Any CPU
		{724BFADA-A2D3-4425-BF8A-44A5137E34C3}.Debug|Any CPU.ActiveCfg = Debug|Any CPU
		{724BFADA-A2D3-4425-BF8A-44A5137E34C3}.Debug|Any CPU.Build.0 = Debug|Any CPU
		{724BFADA-A2D3-4425-BF8A-44A5137E34C3}.Release|Any CPU.ActiveCfg = Release|Any CPU
		{724BFADA-A2D3-4425-BF8A-44A5137E34C3}.Release|Any CPU.Build.0 = Release|Any CPU
		{AD6518A2-9815-4E5B-BEB2-B1DC40EE3041}.Debug|Any CPU.ActiveCfg = Debug|Any CPU
		{AD6518A2-9815-4E5B-BEB2-B1DC40EE3041}.Debug|Any CPU.Build.0 = Debug|Any CPU
		{AD6518A2-9815-4E5B-BEB2-B1DC40EE3041}.Release|Any CPU.ActiveCfg = Release|Any CPU
		{AD6518A2-9815-4E5B-BEB2-B1DC40EE3041}.Release|Any CPU.Build.0 = Release|Any CPU
		{B61195A2-1392-4F58-BF7E-1081CC1BBAE1}.Debug|Any CPU.ActiveCfg = Debug|Any CPU
		{B61195A2-1392-4F58-BF7E-1081CC1BBAE1}.Debug|Any CPU.Build.0 = Debug|Any CPU
		{B61195A2-1392-4F58-BF7E-1081CC1BBAE1}.Release|Any CPU.ActiveCfg = Release|Any CPU
		{B61195A2-1392-4F58-BF7E-1081CC1BBAE1}.Release|Any CPU.Build.0 = Release|Any CPU
		{1AA8707C-D2EB-4AFE-94DA-19977D8EFC2F}.Debug|Any CPU.ActiveCfg = Debug|Any CPU
		{1AA8707C-D2EB-4AFE-94DA-19977D8EFC2F}.Debug|Any CPU.Build.0 = Debug|Any CPU
		{1AA8707C-D2EB-4AFE-94DA-19977D8EFC2F}.Release|Any CPU.ActiveCfg = Release|Any CPU
		{1AA8707C-D2EB-4AFE-94DA-19977D8EFC2F}.Release|Any CPU.Build.0 = Release|Any CPU
		{C8E541E9-2B20-4114-A642-AB6AC2B80F50}.Debug|Any CPU.ActiveCfg = Debug|Any CPU
		{C8E541E9-2B20-4114-A642-AB6AC2B80F50}.Debug|Any CPU.Build.0 = Debug|Any CPU
		{C8E541E9-2B20-4114-A642-AB6AC2B80F50}.Release|Any CPU.ActiveCfg = Release|Any CPU
		{C8E541E9-2B20-4114-A642-AB6AC2B80F50}.Release|Any CPU.Build.0 = Release|Any CPU
		{DAA4C4CB-0456-486A-9193-8E63A2C9B943}.Debug|Any CPU.ActiveCfg = Debug|Any CPU
		{DAA4C4CB-0456-486A-9193-8E63A2C9B943}.Debug|Any CPU.Build.0 = Debug|Any CPU
		{DAA4C4CB-0456-486A-9193-8E63A2C9B943}.Release|Any CPU.ActiveCfg = Release|Any CPU
		{DAA4C4CB-0456-486A-9193-8E63A2C9B943}.Release|Any CPU.Build.0 = Release|Any CPU
		{A0C6C573-62D2-43B5-967C-C5FEDB78C270}.Debug|Any CPU.ActiveCfg = Debug|Any CPU
		{A0C6C573-62D2-43B5-967C-C5FEDB78C270}.Debug|Any CPU.Build.0 = Debug|Any CPU
		{A0C6C573-62D2-43B5-967C-C5FEDB78C270}.Release|Any CPU.ActiveCfg = Release|Any CPU
		{A0C6C573-62D2-43B5-967C-C5FEDB78C270}.Release|Any CPU.Build.0 = Release|Any CPU
		{C112BCEB-61AB-4DA4-B54E-7679C368FDE9}.Debug|Any CPU.ActiveCfg = Debug|Any CPU
		{C112BCEB-61AB-4DA4-B54E-7679C368FDE9}.Debug|Any CPU.Build.0 = Debug|Any CPU
		{C112BCEB-61AB-4DA4-B54E-7679C368FDE9}.Release|Any CPU.ActiveCfg = Release|Any CPU
		{C112BCEB-61AB-4DA4-B54E-7679C368FDE9}.Release|Any CPU.Build.0 = Release|Any CPU
		{E1633206-3DA2-4EF7-97AE-1DDB5891B2A2}.Debug|Any CPU.ActiveCfg = Debug|Any CPU
		{E1633206-3DA2-4EF7-97AE-1DDB5891B2A2}.Debug|Any CPU.Build.0 = Debug|Any CPU
		{E1633206-3DA2-4EF7-97AE-1DDB5891B2A2}.Release|Any CPU.ActiveCfg = Release|Any CPU
		{E1633206-3DA2-4EF7-97AE-1DDB5891B2A2}.Release|Any CPU.Build.0 = Release|Any CPU
		{8A6032BB-4D3B-4544-9A23-09CC73CFDA83}.Debug|Any CPU.ActiveCfg = Debug|Any CPU
		{8A6032BB-4D3B-4544-9A23-09CC73CFDA83}.Debug|Any CPU.Build.0 = Debug|Any CPU
		{8A6032BB-4D3B-4544-9A23-09CC73CFDA83}.Release|Any CPU.ActiveCfg = Release|Any CPU
		{8A6032BB-4D3B-4544-9A23-09CC73CFDA83}.Release|Any CPU.Build.0 = Release|Any CPU
		{11F77DD9-0957-4CD4-B38B-118559A80DC0}.Debug|Any CPU.ActiveCfg = Debug|Any CPU
		{11F77DD9-0957-4CD4-B38B-118559A80DC0}.Debug|Any CPU.Build.0 = Debug|Any CPU
		{11F77DD9-0957-4CD4-B38B-118559A80DC0}.Release|Any CPU.ActiveCfg = Release|Any CPU
		{11F77DD9-0957-4CD4-B38B-118559A80DC0}.Release|Any CPU.Build.0 = Release|Any CPU
		{DE8CCD05-D7F3-446F-9298-AD71F4F3F3A2}.Debug|Any CPU.ActiveCfg = Debug|Any CPU
		{DE8CCD05-D7F3-446F-9298-AD71F4F3F3A2}.Debug|Any CPU.Build.0 = Debug|Any CPU
		{DE8CCD05-D7F3-446F-9298-AD71F4F3F3A2}.Release|Any CPU.ActiveCfg = Release|Any CPU
		{DE8CCD05-D7F3-446F-9298-AD71F4F3F3A2}.Release|Any CPU.Build.0 = Release|Any CPU
		{FB1AEEDB-8204-461D-8880-9B7E6D8F664E}.Debug|Any CPU.ActiveCfg = Debug|Any CPU
		{FB1AEEDB-8204-461D-8880-9B7E6D8F664E}.Debug|Any CPU.Build.0 = Debug|Any CPU
		{FB1AEEDB-8204-461D-8880-9B7E6D8F664E}.Release|Any CPU.ActiveCfg = Release|Any CPU
		{FB1AEEDB-8204-461D-8880-9B7E6D8F664E}.Release|Any CPU.Build.0 = Release|Any CPU
		{C68B6ED3-5959-4A4C-9DDE-A9509E92DA29}.Debug|Any CPU.ActiveCfg = Debug|Any CPU
		{C68B6ED3-5959-4A4C-9DDE-A9509E92DA29}.Debug|Any CPU.Build.0 = Debug|Any CPU
		{C68B6ED3-5959-4A4C-9DDE-A9509E92DA29}.Release|Any CPU.ActiveCfg = Release|Any CPU
		{C68B6ED3-5959-4A4C-9DDE-A9509E92DA29}.Release|Any CPU.Build.0 = Release|Any CPU
		{0A3B9849-6D44-43C1-AB88-D3DCF8394F72}.Debug|Any CPU.ActiveCfg = Debug|Any CPU
		{0A3B9849-6D44-43C1-AB88-D3DCF8394F72}.Debug|Any CPU.Build.0 = Debug|Any CPU
		{0A3B9849-6D44-43C1-AB88-D3DCF8394F72}.Release|Any CPU.ActiveCfg = Release|Any CPU
		{0A3B9849-6D44-43C1-AB88-D3DCF8394F72}.Release|Any CPU.Build.0 = Release|Any CPU
		{A5D0F5E4-0FCC-4508-B412-BDABDFF3D9E3}.Debug|Any CPU.ActiveCfg = Debug|Any CPU
		{A5D0F5E4-0FCC-4508-B412-BDABDFF3D9E3}.Debug|Any CPU.Build.0 = Debug|Any CPU
		{A5D0F5E4-0FCC-4508-B412-BDABDFF3D9E3}.Release|Any CPU.ActiveCfg = Release|Any CPU
		{A5D0F5E4-0FCC-4508-B412-BDABDFF3D9E3}.Release|Any CPU.Build.0 = Release|Any CPU
		{1670C5E9-5F43-4C19-B5C1-56BFEB80C805}.Debug|Any CPU.ActiveCfg = Debug|Any CPU
		{1670C5E9-5F43-4C19-B5C1-56BFEB80C805}.Debug|Any CPU.Build.0 = Debug|Any CPU
		{1670C5E9-5F43-4C19-B5C1-56BFEB80C805}.Release|Any CPU.ActiveCfg = Release|Any CPU
		{1670C5E9-5F43-4C19-B5C1-56BFEB80C805}.Release|Any CPU.Build.0 = Release|Any CPU
	EndGlobalSection
	GlobalSection(SolutionProperties) = preSolution
		HideSolutionNode = FALSE
	EndGlobalSection
	GlobalSection(NestedProjects) = preSolution
		{8D1E93D1-35F3-4BA7-94DF-29629C6191BE} = {E005D5FE-7BE7-486E-B835-C46FEACB70E1}
		{9B199FDC-ECD4-4813-BAEF-4495EE46F5CC} = {E005D5FE-7BE7-486E-B835-C46FEACB70E1}
		{264155E7-EF2A-42AD-ADA6-94162E8E3355} = {E005D5FE-7BE7-486E-B835-C46FEACB70E1}
		{CF43282F-C117-4960-AF47-9D7D04E49FF5} = {FC05E111-25C7-4EF6-932D-E6BED15C0364}
		{3ED23327-6DD3-4EEE-8177-2A98C54642A4} = {FC05E111-25C7-4EF6-932D-E6BED15C0364}
		{632946C0-C8E4-44AA-8F8D-16D5DBE197CB} = {FC05E111-25C7-4EF6-932D-E6BED15C0364}
		{0DEC1B94-AF59-496B-A19B-D8A589F3AC9C} = {FC05E111-25C7-4EF6-932D-E6BED15C0364}
		{19C7E3E2-92CC-46B1-9DC4-BD93E20C13FD} = {FC05E111-25C7-4EF6-932D-E6BED15C0364}
		{07D3228F-CEC9-4B5D-AA0A-EB085BAC7C5E} = {FC05E111-25C7-4EF6-932D-E6BED15C0364}
		{724BFADA-A2D3-4425-BF8A-44A5137E34C3} = {FC05E111-25C7-4EF6-932D-E6BED15C0364}
		{AD6518A2-9815-4E5B-BEB2-B1DC40EE3041} = {FC05E111-25C7-4EF6-932D-E6BED15C0364}
		{B61195A2-1392-4F58-BF7E-1081CC1BBAE1} = {FC05E111-25C7-4EF6-932D-E6BED15C0364}
		{1AA8707C-D2EB-4AFE-94DA-19977D8EFC2F} = {FC05E111-25C7-4EF6-932D-E6BED15C0364}
		{C8E541E9-2B20-4114-A642-AB6AC2B80F50} = {FC05E111-25C7-4EF6-932D-E6BED15C0364}
		{DAA4C4CB-0456-486A-9193-8E63A2C9B943} = {FC05E111-25C7-4EF6-932D-E6BED15C0364}
		{A0C6C573-62D2-43B5-967C-C5FEDB78C270} = {FC05E111-25C7-4EF6-932D-E6BED15C0364}
		{C112BCEB-61AB-4DA4-B54E-7679C368FDE9} = {FC05E111-25C7-4EF6-932D-E6BED15C0364}
		{E1633206-3DA2-4EF7-97AE-1DDB5891B2A2} = {FC05E111-25C7-4EF6-932D-E6BED15C0364}
		{8A6032BB-4D3B-4544-9A23-09CC73CFDA83} = {FC05E111-25C7-4EF6-932D-E6BED15C0364}
		{11F77DD9-0957-4CD4-B38B-118559A80DC0} = {FC05E111-25C7-4EF6-932D-E6BED15C0364}
		{DE8CCD05-D7F3-446F-9298-AD71F4F3F3A2} = {FC05E111-25C7-4EF6-932D-E6BED15C0364}
		{FB1AEEDB-8204-461D-8880-9B7E6D8F664E} = {FC05E111-25C7-4EF6-932D-E6BED15C0364}
		{C68B6ED3-5959-4A4C-9DDE-A9509E92DA29} = {FC05E111-25C7-4EF6-932D-E6BED15C0364}
		{0A3B9849-6D44-43C1-AB88-D3DCF8394F72} = {FC05E111-25C7-4EF6-932D-E6BED15C0364}
		{A5D0F5E4-0FCC-4508-B412-BDABDFF3D9E3} = {7833A549-6F41-4317-BA98-B44E76A3673A}
		{1670C5E9-5F43-4C19-B5C1-56BFEB80C805} = {7833A549-6F41-4317-BA98-B44E76A3673A}
	EndGlobalSection
	GlobalSection(ExtensibilityGlobals) = postSolution
		SolutionGuid = {EA40E981-4EB6-402F-B3FB-F7411A01C8D0}
	EndGlobalSection
EndGlobal
